{
  "name": "prezzofuel",
  "version": "1.0.0",
  "lockfileVersion": 3,
  "requires": true,
  "packages": {
    "": {
      "name": "prezzofuel",
      "version": "1.0.0",
      "engines": {
        "node": ">=18"
      },
      "scripts": {
        "dev": "node scripts/local-dev.mjs",
        "start": "node scripts/local-dev.mjs",
        "dev:vercel": "npx vercel dev --listen 3000"
      }
    }
  }
}
